# This file is autogenerated, do not edit; changes may be undone by the next 'dep ensure'.


[[projects]]
  name = "github.com/gin-contrib/cors"
  packages = ["."]
  revision = "cf4846e6a636a76237a28d9286f163c132e841bc"
  version = "v1.2"

[[projects]]
  branch = "master"
  name = "github.com/gin-contrib/sse"
  packages = ["."]
  revision = "22d885f9ecc78bf4ee5d72b937e4bbcdc58e8cae"

[[projects]]
  name = "github.com/gin-gonic/gin"
  packages = [
    ".",
    "binding",
    "render"
  ]
  revision = "d459835d2b077e44f7c9b453505ee29881d5d12d"
  version = "v1.2"

[[projects]]
  name = "github.com/go-sql-driver/mysql"
  packages = ["."]
  revision = "d523deb1b23d913de5bdada721a6071e71283618"
  version = "v1.4.0"

[[projects]]
  name = "github.com/golang/protobuf"
  packages = ["proto"]
  revision = "b4deda0973fb4c70b50d226b1af49f3da59f5265"
  version = "v1.1.0"

[[projects]]
  branch = "master"
  name = "github.com/jmoiron/sqlx"
  packages = [
    ".",
    "reflectx"
  ]
  revision = "0dae4fefe7c0e190f7b5a78dac28a1c82cc8d849"

[[projects]]
  branch = "master"
  name = "github.com/kandeshvari/gin-jwt-middleware"
  packages = ["."]
  revision = "54095ba4140f74bd50719ccdb72ec8f010e3528e"

[[projects]]
  name = "github.com/mattn/go-isatty"
  packages = ["."]
  revision = "0360b2af4f38e8d38c7fce2a9f4e702702d73a39"
  version = "v0.0.3"

[[projects]]
  name = "github.com/mattn/go-runewidth"
  packages = ["."]
  revision = "9e777a8366cce605130a531d2cd6363d07ad7317"
  version = "v0.0.2"

[[projects]]
  name = "github.com/ogier/pflag"
  packages = ["."]
  revision = "32a05c62658bd1d7c7e75cbc8195de5d585fde0f"
  version = "v0.0.1"

[[projects]]
  branch = "master"
  name = "github.com/olekukonko/tablewriter"
  packages = ["."]
  revision = "d4647c9c7a84d847478d890b816b7d8b62b0b279"

[[projects]]
  name = "github.com/op/go-logging"
  packages = ["."]
  revision = "b2cb9fa56473e98db8caba80237377e83fe44db5"
  version = "v1"

[[projects]]
  name = "github.com/pkg/errors"
  packages = ["."]
  revision = "645ef00459ed84a119197bfb8d8205042c6df63d"
  version = "v0.8.0"

[[projects]]
  name = "github.com/robbert229/jwt"
  packages = ["."]
  revision = "81ddea8e91eecffef557c5e4ce8e78a1d472d7d7"
  version = "v2.0.0"

[[projects]]
  name = "github.com/satori/go.uuid"
  packages = ["."]
  revision = "f58768cc1a7a7e77a3bd49e98cdd21419399b6a3"
  version = "v1.2.0"

[[projects]]
  name = "github.com/ugorji/go"
  packages = ["codec"]
  revision = "b4c50a2b199d93b13dc15e78929cfb23bfdf21ab"
  version = "v1.1.1"

[[projects]]
  branch = "master"
  name = "golang.org/x/sys"
  packages = ["unix"]
  revision = "ac767d655b305d4e9612f5f6e33120b9176c4ad4"

[[projects]]
  name = "google.golang.org/appengine"
  packages = ["cloudsql"]
  revision = "b1f26356af11148e710935ed1ac8a7f5702c7612"
  version = "v1.1.0"

[[projects]]
  name = "gopkg.in/go-playground/validator.v8"
  packages = ["."]
  revision = "5f1438d3fca68893a817e4a66806cea46a9e4ebf"
  version = "v8.18.2"

[[projects]]
  name = "gopkg.in/yaml.v2"
  packages = ["."]
  revision = "5420a8b6744d3b0345ab293f6fcba19c978f1183"
  version = "v2.2.1"

[solve-meta]
  analyzer-name = "dep"
  analyzer-version = 1
  inputs-digest = "4421f7b420db63cb13836cd73bc011c023286e94e2eefdb5010fb53adeaa2a8a"
  solver-name = "gps-cdcl"
  solver-version = 1
